
Microsoft Visual Studio Solution File, Format Version 12.00
# Visual Studio Version 17
VisualStudioVersion = 17.11.35327.3
MinimumVisualStudioVersion = 10.0.40219.1
Project("{FAE04EC0-301F-11D3-BF4B-00C04F79EFBC}") = "Inorder_LDR", "Inorder_LDR\Inorder_LDR.csproj", "{720AA284-8DC0-4C1F-BC41-888482A6B3D2}"
EndProject
Global
	GlobalSection(SolutionConfigurationPlatforms) = preSolution
		Debug|Any CPU = Debug|Any CPU
		Release|Any CPU = Release|Any CPU
	EndGlobalSection
	GlobalSection(ProjectConfigurationPlatforms) = postSolution
		{720AA284-8DC0-4C1F-BC41-888482A6B3D2}.Debug|Any CPU.ActiveCfg = Debug|Any CPU
		{720AA284-8DC0-4C1F-BC41-888482A6B3D2}.Debug|Any CPU.Build.0 = Debug|Any CPU
		{720AA284-8DC0-4C1F-BC41-888482A6B3D2}.Release|Any CPU.ActiveCfg = Release|Any CPU
		{720AA284-8DC0-4C1F-BC41-888482A6B3D2}.Release|Any CPU.Build.0 = Release|Any CPU
	EndGlobalSection
	GlobalSection(SolutionProperties) = preSolution
		HideSolutionNode = FALSE
	EndGlobalSection
	GlobalSection(ExtensibilityGlobals) = postSolution
		SolutionGuid = {C0BAACB9-95F9-4B46-B4C8-9257D549310B}
	EndGlobalSection
EndGlobal
